// !$*UTF8*$!
{
	archiveVersion = 1;
	classes = {
	};
	objectVersion = 56;
	objects = {

/* Begin PBXBuildFile section */
		013A5CA028ECEA4F00C6881D /* CONNECTApp.swift in Sources */ = {isa = PBXBuildFile; fileRef = 013A5C9F28ECEA4F00C6881D /* CONNECTApp.swift */; };
		013A5CA228ECEA4F00C6881D /* CallView.swift in Sources */ = {isa = PBXBuildFile; fileRef = 013A5CA128ECEA4F00C6881D /* CallView.swift */; };
		013A5CA428ECEA5200C6881D /* Assets.xcassets in Resources */ = {isa = PBXBuildFile; fileRef = 013A5CA328ECEA5200C6881D /* Assets.xcassets */; };
		013A5CA828ECEA5300C6881D /* Preview Assets.xcassets in Resources */ = {isa = PBXBuildFile; fileRef = 013A5CA728ECEA5300C6881D /* Preview Assets.xcassets */; };
		013A5CAF28ECEEA000C6881D /* MainView.swift in Sources */ = {isa = PBXBuildFile; fileRef = 013A5CAE28ECEEA000C6881D /* MainView.swift */; };
		013A5CB128ECF1EA00C6881D /* HistoryView.swift in Sources */ = {isa = PBXBuildFile; fileRef = 013A5CB028ECF1EA00C6881D /* HistoryView.swift */; };
		013A5CB328ECF20100C6881D /* ChatsView.swift in Sources */ = {isa = PBXBuildFile; fileRef = 013A5CB228ECF20100C6881D /* ChatsView.swift */; };
		013A5CB528ECF21100C6881D /* AccountView.swift in Sources */ = {isa = PBXBuildFile; fileRef = 013A5CB428ECF21100C6881D /* AccountView.swift */; };
		013A5CB928ED016900C6881D /* Constant.swift in Sources */ = {isa = PBXBuildFile; fileRef = 013A5CB828ED016900C6881D /* Constant.swift */; };
		013A5CBF28ED0E0C00C6881D /* CallButtonView.swift in Sources */ = {isa = PBXBuildFile; fileRef = 013A5CBE28ED0E0C00C6881D /* CallButtonView.swift */; };
		013A5CC328ED181400C6881D /* CallViewLabel.swift in Sources */ = {isa = PBXBuildFile; fileRef = 013A5CC228ED181400C6881D /* CallViewLabel.swift */; };
/* End PBXBuildFile section */

/* Begin PBXFileReference section */
		013A5C9C28ECEA4F00C6881D /* CONNECT.app */ = {isa = PBXFileReference; explicitFileType = wrapper.application; includeInIndex = 0; path = CONNECT.app; sourceTree = BUILT_PRODUCTS_DIR; };
		013A5C9F28ECEA4F00C6881D /* CONNECTApp.swift */ = {isa = PBXFileReference; lastKnownFileType = sourcecode.swift; path = CONNECTApp.swift; sourceTree = "<group>"; };
		013A5CA128ECEA4F00C6881D /* CallView.swift */ = {isa = PBXFileReference; lastKnownFileType = sourcecode.swift; path = CallView.swift; sourceTree = "<group>"; };
		013A5CA328ECEA5200C6881D /* Assets.xcassets */ = {isa = PBXFileReference; lastKnownFileType = folder.assetcatalog; path = Assets.xcassets; sourceTree = "<group>"; };
		013A5CA528ECEA5200C6881D /* CONNECT.entitlements */ = {isa = PBXFileReference; lastKnownFileType = text.plist.entitlements; path = CONNECT.entitlements; sourceTree = "<group>"; };
		013A5CA728ECEA5300C6881D /* Preview Assets.xcassets */ = {isa = PBXFileReference; lastKnownFileType = folder.assetcatalog; path = "Preview Assets.xcassets"; sourceTree = "<group>"; };
		013A5CAE28ECEEA000C6881D /* MainView.swift */ = {isa = PBXFileReference; lastKnownFileType = sourcecode.swift; path = MainView.swift; sourceTree = "<group>"; };
		013A5CB028ECF1EA00C6881D /* HistoryView.swift */ = {isa = PBXFileReference; lastKnownFileType = sourcecode.swift; path = HistoryView.swift; sourceTree = "<group>"; };
		013A5CB228ECF20100C6881D /* ChatsView.swift */ = {isa = PBXFileReference; lastKnownFileType = sourcecode.swift; path = ChatsView.swift; sourceTree = "<group>"; };
		013A5CB428ECF21100C6881D /* AccountView.swift */ = {isa = PBXFileReference; lastKnownFileType = sourcecode.swift; path = AccountView.swift; sourceTree = "<group>"; };
		013A5CB828ED016900C6881D /* Constant.swift */ = {isa = PBXFileReference; lastKnownFileType = sourcecode.swift; path = Constant.swift; sourceTree = "<group>"; };
		013A5CBE28ED0E0C00C6881D /* CallButtonView.swift */ = {isa = PBXFileReference; lastKnownFileType = sourcecode.swift; path = CallButtonView.swift; sourceTree = "<group>"; };
		013A5CC228ED181400C6881D /* CallViewLabel.swift */ = {isa = PBXFileReference; lastKnownFileType = sourcecode.swift; path = CallViewLabel.swift; sourceTree = "<group>"; };
/* End PBXFileReference section */

/* Begin PBXFrameworksBuildPhase section */
		013A5C9928ECEA4F00C6881D /* Frameworks */ = {
			isa = PBXFrameworksBuildPhase;
			buildActionMask = 2147483647;
			files = (
			);
			runOnlyForDeploymentPostprocessing = 0;
		};
/* End PBXFrameworksBuildPhase section */

/* Begin PBXGroup section */
		013A5C9328ECEA4F00C6881D = {
			isa = PBXGroup;
			children = (
				013A5C9E28ECEA4F00C6881D /* CONNECT */,
				013A5C9D28ECEA4F00C6881D /* Products */,
			);
			sourceTree = "<group>";
		};
		013A5C9D28ECEA4F00C6881D /* Products */ = {
			isa = PBXGroup;
			children = (
				013A5C9C28ECEA4F00C6881D /* CONNECT.app */,
			);
			name = Products;
			sourceTree = "<group>";
		};
		013A5C9E28ECEA4F00C6881D /* CONNECT */ = {
			isa = PBXGroup;
			children = (
				013A5C9F28ECEA4F00C6881D /* CONNECTApp.swift */,
				013A5CAE28ECEEA000C6881D /* MainView.swift */,
				013A5CBD28ED0DF000C6881D /* App */,
				013A5CA128ECEA4F00C6881D /* CallView.swift */,
				013A5CB028ECF1EA00C6881D /* HistoryView.swift */,
				013A5CB228ECF20100C6881D /* ChatsView.swift */,
				013A5CB428ECF21100C6881D /* AccountView.swift */,
				013A5CB628ECF21F00C6881D /* Views */,
				013A5CBB28ED01CA00C6881D /* Data */,
				013A5CBC28ED01D400C6881D /* Extention */,
				013A5CBA28ED01B400C6881D /* Model */,
				013A5CB728ED014100C6881D /* Utility */,
				013A5CA328ECEA5200C6881D /* Assets.xcassets */,
				013A5CA528ECEA5200C6881D /* CONNECT.entitlements */,
				013A5CA628ECEA5300C6881D /* Preview Content */,
			);
			path = CONNECT;
			sourceTree = "<group>";
		};
		013A5CA628ECEA5300C6881D /* Preview Content */ = {
			isa = PBXGroup;
			children = (
				013A5CA728ECEA5300C6881D /* Preview Assets.xcassets */,
			);
			path = "Preview Content";
			sourceTree = "<group>";
		};
		013A5CB628ECF21F00C6881D /* Views */ = {
			isa = PBXGroup;
			children = (
				013A5CBE28ED0E0C00C6881D /* CallButtonView.swift */,
				013A5CC228ED181400C6881D /* CallViewLabel.swift */,
			);
			path = Views;
			sourceTree = "<group>";
		};
		013A5CB728ED014100C6881D /* Utility */ = {
			isa = PBXGroup;
			children = (
				013A5CB828ED016900C6881D /* Constant.swift */,
			);
			path = Utility;
			sourceTree = "<group>";
		};
		013A5CBA28ED01B400C6881D /* Model */ = {
			isa = PBXGroup;
			children = (
			);
			path = Model;
			sourceTree = "<group>";
		};
		013A5CBB28ED01CA00C6881D /* Data */ = {
			isa = PBXGroup;
			children = (
			);
			path = Data;
			sourceTree = "<group>";
		};
		013A5CBC28ED01D400C6881D /* Extention */ = {
			isa = PBXGroup;
			children = (
			);
			path = Extention;
			sourceTree = "<group>";
		};
		013A5CBD28ED0DF000C6881D /* App */ = {
			isa = PBXGroup;
			children = (
			);
			path = App;
			sourceTree = "<group>";
		};
/* End PBXGroup section */

/* Begin PBXNativeTarget section */
		013A5C9B28ECEA4F00C6881D /* CONNECT */ = {
			isa = PBXNativeTarget;
			buildConfigurationList = 013A5CAB28ECEA5300C6881D /* Build configuration list for PBXNativeTarget "CONNECT" */;
			buildPhases = (
				013A5C9828ECEA4F00C6881D /* Sources */,
				013A5C9928ECEA4F00C6881D /* Frameworks */,
				013A5C9A28ECEA4F00C6881D /* Resources */,
			);
			buildRules = (
			);
			dependencies = (
			);
			name = CONNECT;
			productName = CONNECT;
			productReference = 013A5C9C28ECEA4F00C6881D /* CONNECT.app */;
			productType = "com.apple.product-type.application";
		};
/* End PBXNativeTarget section */

/* Begin PBXProject section */
		013A5C9428ECEA4F00C6881D /* Project object */ = {
			isa = PBXProject;
			attributes = {
				BuildIndependentTargetsInParallel = 1;
				LastSwiftUpdateCheck = 1400;
				LastUpgradeCheck = 1400;
				TargetAttributes = {
					013A5C9B28ECEA4F00C6881D = {
						CreatedOnToolsVersion = 14.0.1;
					};
				};
			};
			buildConfigurationList = 013A5C9728ECEA4F00C6881D /* Build configuration list for PBXProject "CONNECT" */;
			compatibilityVersion = "Xcode 14.0";
			developmentRegion = en;
			hasScannedForEncodings = 0;
			knownRegions = (
				en,
				Base,
			);
			mainGroup = 013A5C9328ECEA4F00C6881D;
			productRefGroup = 013A5C9D28ECEA4F00C6881D /* Products */;
			projectDirPath = "";
			projectRoot = "";
			targets = (
				013A5C9B28ECEA4F00C6881D /* CONNECT */,
			);
		};
/* End PBXProject section */

/* Begin PBXResourcesBuildPhase section */
		013A5C9A28ECEA4F00C6881D /* Resources */ = {
			isa = PBXResourcesBuildPhase;
			buildActionMask = 2147483647;
			files = (
				013A5CA828ECEA5300C6881D /* Preview Assets.xcassets in Resources */,
				013A5CA428ECEA5200C6881D /* Assets.xcassets in Resources */,
			);
			runOnlyForDeploymentPostprocessing = 0;
		};
/* End PBXResourcesBuildPhase section */

/* Begin PBXSourcesBuildPhase section */
		013A5C9828ECEA4F00C6881D /* Sources */ = {
			isa = PBXSourcesBuildPhase;
			buildActionMask = 2147483647;
			files = (
				013A5CB928ED016900C6881D /* Constant.swift in Sources */,
				013A5CB528ECF21100C6881D /* AccountView.swift in Sources */,
				013A5CBF28ED0E0C00C6881D /* CallButtonView.swift in Sources */,
				013A5CA228ECEA4F00C6881D /* CallView.swift in Sources */,
				013A5CB128ECF1EA00C6881D /* HistoryView.swift in Sources */,
				013A5CC328ED181400C6881D /* CallViewLabel.swift in Sources */,
				013A5CB328ECF20100C6881D /* ChatsView.swift in Sources */,
				013A5CAF28ECEEA000C6881D /* MainView.swift in Sources */,
				013A5CA028ECEA4F00C6881D /* CONNECTApp.swift in Sources */,
			);
			runOnlyForDeploymentPostprocessing = 0;
		};
/* End PBXSourcesBuildPhase section */

/* Begin XCBuildConfiguration section */
		013A5CA928ECEA5300C6881D /* Debug */ = {
			isa = XCBuildConfiguration;
			buildSettings = {
				ALWAYS_SEARCH_USER_PATHS = NO;
				CLANG_ANALYZER_NONNULL = YES;
				CLANG_ANALYZER_NUMBER_OBJECT_CONVERSION = YES_AGGRESSIVE;
				CLANG_CXX_LANGUAGE_STANDARD = "gnu++20";
				CLANG_ENABLE_MODULES = YES;
				CLANG_ENABLE_OBJC_ARC = YES;
				CLANG_ENABLE_OBJC_WEAK = YES;
				CLANG_WARN_BLOCK_CAPTURE_AUTORELEASING = YES;
				CLANG_WARN_BOOL_CONVERSION = YES;
				CLANG_WARN_COMMA = YES;
				CLANG_WARN_CONSTANT_CONVERSION = YES;
				CLANG_WARN_DEPRECATED_OBJC_IMPLEMENTATIONS = YES;
				CLANG_WARN_DIRECT_OBJC_ISA_USAGE = YES_ERROR;
				CLANG_WARN_DOCUMENTATION_COMMENTS = YES;
				CLANG_WARN_EMPTY_BODY = YES;
				CLANG_WARN_ENUM_CONVERSION = YES;
				CLANG_WARN_INFINITE_RECURSION = YES;
				CLANG_WARN_INT_CONVERSION = YES;
				CLANG_WARN_NON_LITERAL_NULL_CONVERSION = YES;
				CLANG_WARN_OBJC_IMPLICIT_RETAIN_SELF = YES;
				CLANG_WARN_OBJC_LITERAL_CONVERSION = YES;
				CLANG_WARN_OBJC_ROOT_CLASS = YES_ERROR;
				CLANG_WARN_QUOTED_INCLUDE_IN_FRAMEWORK_HEADER = YES;
				CLANG_WARN_RANGE_LOOP_ANALYSIS = YES;
				CLANG_WARN_STRICT_PROTOTYPES = YES;
				CLANG_WARN_SUSPICIOUS_MOVE = YES;
				CLANG_WARN_UNGUARDED_AVAILABILITY = YES_AGGRESSIVE;
				CLANG_WARN_UNREACHABLE_CODE = YES;
				CLANG_WARN__DUPLICATE_METHOD_MATCH = YES;
				COPY_PHASE_STRIP = NO;
				DEBUG_INFORMATION_FORMAT = dwarf;
				ENABLE_STRICT_OBJC_MSGSEND = YES;
				ENABLE_TESTABILITY = YES;
				GCC_C_LANGUAGE_STANDARD = gnu11;
				GCC_DYNAMIC_NO_PIC = NO;
				GCC_NO_COMMON_BLOCKS = YES;
				GCC_OPTIMIZATION_LEVEL = 0;
				GCC_PREPROCESSOR_DEFINITIONS = (
					"DEBUG=1",
					"$(inherited)",
				);
				GCC_WARN_64_TO_32_BIT_CONVERSION = YES;
				GCC_WARN_ABOUT_RETURN_TYPE = YES_ERROR;
				GCC_WARN_UNDECLARED_SELECTOR = YES;
				GCC_WARN_UNINITIALIZED_AUTOS = YES_AGGRESSIVE;
				GCC_WARN_UNUSED_FUNCTION = YES;
				GCC_WARN_UNUSED_VARIABLE = YES;
				MTL_ENABLE_DEBUG_INFO = INCLUDE_SOURCE;
				MTL_FAST_MATH = YES;
				ONLY_ACTIVE_ARCH = YES;
				SWIFT_ACTIVE_COMPILATION_CONDITIONS = DEBUG;
				SWIFT_OPTIMIZATION_LEVEL = "-Onone";
			};
			name = Debug;
		};
		013A5CAA28ECEA5300C6881D /* Release */ = {
			isa = XCBuildConfiguration;
			buildSettings = {
				ALWAYS_SEARCH_USER_PATHS = NO;
				CLANG_ANALYZER_NONNULL = YES;
				CLANG_ANALYZER_NUMBER_OBJECT_CONVERSION = YES_AGGRESSIVE;
				CLANG_CXX_LANGUAGE_STANDARD = "gnu++20";
				CLANG_ENABLE_MODULES = YES;
				CLANG_ENABLE_OBJC_ARC = YES;
				CLANG_ENABLE_OBJC_WEAK = YES;
				CLANG_WARN_BLOCK_CAPTURE_AUTORELEASING = YES;
				CLANG_WARN_BOOL_CONVERSION = YES;
				CLANG_WARN_COMMA = YES;
				CLANG_WARN_CONSTANT_CONVERSION = YES;
				CLANG_WARN_DEPRECATED_OBJC_IMPLEMENTATIONS = YES;
				CLANG_WARN_DIRECT_OBJC_ISA_USAGE = YES_ERROR;
				CLANG_WARN_DOCUMENTATION_COMMENTS = YES;
				CLANG_WARN_EMPTY_BODY = YES;
				CLANG_WARN_ENUM_CONVERSION = YES;
				CLANG_WARN_INFINITE_RECURSION = YES;
				CLANG_WARN_INT_CONVERSION = YES;
				CLANG_WARN_NON_LITERAL_NULL_CONVERSION = YES;
				CLANG_WARN_OBJC_IMPLICIT_RETAIN_SELF = YES;
				CLANG_WARN_OBJC_LITERAL_CONVERSION = YES;
				CLANG_WARN_OBJC_ROOT_CLASS = YES_ERROR;
				CLANG_WARN_QUOTED_INCLUDE_IN_FRAMEWORK_HEADER = YES;
				CLANG_WARN_RANGE_LOOP_ANALYSIS = YES;
				CLANG_WARN_STRICT_PROTOTYPES = YES;
				CLANG_WARN_SUSPICIOUS_MOVE = YES;
				CLANG_WARN_UNGUARDED_AVAILABILITY = YES_AGGRESSIVE;
				CLANG_WARN_UNREACHABLE_CODE = YES;
				CLANG_WARN__DUPLICATE_METHOD_MATCH = YES;
				COPY_PHASE_STRIP = NO;
				DEBUG_INFORMATION_FORMAT = "dwarf-with-dsym";
				ENABLE_NS_ASSERTIONS = NO;
				ENABLE_STRICT_OBJC_MSGSEND = YES;
				GCC_C_LANGUAGE_STANDARD = gnu11;
				GCC_NO_COMMON_BLOCKS = YES;
				GCC_WARN_64_TO_32_BIT_CONVERSION = YES;
				GCC_WARN_ABOUT_RETURN_TYPE = YES_ERROR;
				GCC_WARN_UNDECLARED_SELECTOR = YES;
				GCC_WARN_UNINITIALIZED_AUTOS = YES_AGGRESSIVE;
				GCC_WARN_UNUSED_FUNCTION = YES;
				GCC_WARN_UNUSED_VARIABLE = YES;
				MTL_ENABLE_DEBUG_INFO = NO;
				MTL_FAST_MATH = YES;
				SWIFT_COMPILATION_MODE = wholemodule;
				SWIFT_OPTIMIZATION_LEVEL = "-O";
			};
			name = Release;
		};
		013A5CAC28ECEA5300C6881D /* Debug */ = {
			isa = XCBuildConfiguration;
			buildSettings = {
				ASSETCATALOG_COMPILER_APPICON_NAME = AppIcon;
				ASSETCATALOG_COMPILER_GLOBAL_ACCENT_COLOR_NAME = AccentColor;
				CODE_SIGN_ENTITLEMENTS = CONNECT/CONNECT.entitlements;
				CODE_SIGN_STYLE = Automatic;
				CURRENT_PROJECT_VERSION = 1;
				DEVELOPMENT_ASSET_PATHS = "\"CONNECT/Preview Content\"";
				DEVELOPMENT_TEAM = 86JD9D26N9;
				ENABLE_HARDENED_RUNTIME = YES;
				ENABLE_PREVIEWS = YES;
				GENERATE_INFOPLIST_FILE = YES;
				"INFOPLIST_KEY_UIApplicationSceneManifest_Generation[sdk=iphoneos*]" = YES;
				"INFOPLIST_KEY_UIApplicationSceneManifest_Generation[sdk=iphonesimulator*]" = YES;
				"INFOPLIST_KEY_UIApplicationSupportsIndirectInputEvents[sdk=iphoneos*]" = YES;
				"INFOPLIST_KEY_UIApplicationSupportsIndirectInputEvents[sdk=iphonesimulator*]" = YES;
				"INFOPLIST_KEY_UILaunchScreen_Generation[sdk=iphoneos*]" = YES;
				"INFOPLIST_KEY_UILaunchScreen_Generation[sdk=iphonesimulator*]" = YES;
				"INFOPLIST_KEY_UIStatusBarStyle[sdk=iphoneos*]" = UIStatusBarStyleDefault;
				"INFOPLIST_KEY_UIStatusBarStyle[sdk=iphonesimulator*]" = UIStatusBarStyleDefault;
				INFOPLIST_KEY_UISupportedInterfaceOrientations = UIInterfaceOrientationPortrait;
				INFOPLIST_KEY_UISupportedInterfaceOrientations_iPad = UIInterfaceOrientationPortrait;
				IPHONEOS_DEPLOYMENT_TARGET = 16.0;
				LD_RUNPATH_SEARCH_PATHS = "@executable_path/Frameworks";
				"LD_RUNPATH_SEARCH_PATHS[sdk=macosx*]" = "@executable_path/../Frameworks";
				MACOSX_DEPLOYMENT_TARGET = 12.3;
				MARKETING_VERSION = 1.0;
				PRODUCT_BUNDLE_IDENTIFIER = KoseiBan.CONNECT;
				PRODUCT_NAME = "$(TARGET_NAME)";
				SDKROOT = auto;
				SUPPORTED_PLATFORMS = "iphoneos iphonesimulator macosx";
				SWIFT_EMIT_LOC_STRINGS = YES;
				SWIFT_VERSION = 5.0;
				TARGETED_DEVICE_FAMILY = "1,2";
			};
			name = Debug;
		};
		013A5CAD28ECEA5300C6881D /* Release */ = {
			isa = XCBuildConfiguration;
			buildSettings = {
				ASSETCATALOG_COMPILER_APPICON_NAME = AppIcon;
				ASSETCATALOG_COMPILER_GLOBAL_ACCENT_COLOR_NAME = AccentColor;
				CODE_SIGN_ENTITLEMENTS = CONNECT/CONNECT.entitlements;
				CODE_SIGN_STYLE = Automatic;
				CURRENT_PROJECT_VERSION = 1;
				DEVELOPMENT_ASSET_PATHS = "\"CONNECT/Preview Content\"";
				DEVELOPMENT_TEAM = 86JD9D26N9;
				ENABLE_HARDENED_RUNTIME = YES;
				ENABLE_PREVIEWS = YES;
				GENERATE_INFOPLIST_FILE = YES;
				"INFOPLIST_KEY_UIApplicationSceneManifest_Generation[sdk=iphoneos*]" = YES;
				"INFOPLIST_KEY_UIApplicationSceneManifest_Generation[sdk=iphonesimulator*]" = YES;
				"INFOPLIST_KEY_UIApplicationSupportsIndirectInputEvents[sdk=iphoneos*]" = YES;
				"INFOPLIST_KEY_UIApplicationSupportsIndirectInputEvents[sdk=iphonesimulator*]" = YES;
				"INFOPLIST_KEY_UILaunchScreen_Generation[sdk=iphoneos*]" = YES;
				"INFOPLIST_KEY_UILaunchScreen_Generation[sdk=iphonesimulator*]" = YES;
				"INFOPLIST_KEY_UIStatusBarStyle[sdk=iphoneos*]" = UIStatusBarStyleDefault;
				"INFOPLIST_KEY_UIStatusBarStyle[sdk=iphonesimulator*]" = UIStatusBarStyleDefault;
				INFOPLIST_KEY_UISupportedInterfaceOrientations = UIInterfaceOrientationPortrait;
				INFOPLIST_KEY_UISupportedInterfaceOrientations_iPad = UIInterfaceOrientationPortrait;
				IPHONEOS_DEPLOYMENT_TARGET = 16.0;
				LD_RUNPATH_SEARCH_PATHS = "@executable_path/Frameworks";
				"LD_RUNPATH_SEARCH_PATHS[sdk=macosx*]" = "@executable_path/../Frameworks";
				MACOSX_DEPLOYMENT_TARGET = 12.3;
				MARKETING_VERSION = 1.0;
				PRODUCT_BUNDLE_IDENTIFIER = KoseiBan.CONNECT;
				PRODUCT_NAME = "$(TARGET_NAME)";
				SDKROOT = auto;
				SUPPORTED_PLATFORMS = "iphoneos iphonesimulator macosx";
				SWIFT_EMIT_LOC_STRINGS = YES;
				SWIFT_VERSION = 5.0;
				TARGETED_DEVICE_FAMILY = "1,2";
			};
			name = Release;
		};
/* End XCBuildConfiguration section */

/* Begin XCConfigurationList section */
		013A5C9728ECEA4F00C6881D /* Build configuration list for PBXProject "CONNECT" */ = {
			isa = XCConfigurationList;
			buildConfigurations = (
				013A5CA928ECEA5300C6881D /* Debug */,
				013A5CAA28ECEA5300C6881D /* Release */,
			);
			defaultConfigurationIsVisible = 0;
			defaultConfigurationName = Release;
		};
		013A5CAB28ECEA5300C6881D /* Build configuration list for PBXNativeTarget "CONNECT" */ = {
			isa = XCConfigurationList;
			buildConfigurations = (
				013A5CAC28ECEA5300C6881D /* Debug */,
				013A5CAD28ECEA5300C6881D /* Release */,
			);
			defaultConfigurationIsVisible = 0;
			defaultConfigurationName = Release;
		};
/* End XCConfigurationList section */
	};
	rootObject = 013A5C9428ECEA4F00C6881D /* Project object */;
}
